
Microsoft Visual Studio Solution File, Format Version 12.00
# Visual Studio Version 16
VisualStudioVersion = 16.0.31205.134
MinimumVisualStudioVersion = 10.0.40219.1
Project("{FAE04EC0-301F-11D3-BF4B-00C04F79EFBC}") = "Collections", "Collections\Collections.csproj", "{4624D909-AE43-4730-87BC-A9701B6F9DB6}"
EndProject
Global
	GlobalSection(SolutionConfigurationPlatforms) = preSolution
		Debug|Any CPU = Debug|Any CPU
		Release|Any CPU = Release|Any CPU
	EndGlobalSection
	GlobalSection(ProjectConfigurationPlatforms) = postSolution
		{4624D909-AE43-4730-87BC-A9701B6F9DB6}.Debug|Any CPU.ActiveCfg = Debug|Any CPU
		{4624D909-AE43-4730-87BC-A9701B6F9DB6}.Debug|Any CPU.Build.0 = Debug|Any CPU
		{4624D909-AE43-4730-87BC-A9701B6F9DB6}.Release|Any CPU.ActiveCfg = Release|Any CPU
		{4624D909-AE43-4730-87BC-A9701B6F9DB6}.Release|Any CPU.Build.0 = Release|Any CPU
	EndGlobalSection
	GlobalSection(SolutionProperties) = preSolution
		HideSolutionNode = FALSE
	EndGlobalSection
	GlobalSection(ExtensibilityGlobals) = postSolution
		SolutionGuid = {87859EB5-DDA0-42E1-AAB5-73B223BEACBA}
	EndGlobalSection
EndGlobal
