
Microsoft Visual Studio Solution File, Format Version 12.00
# Visual Studio Version 16
VisualStudioVersion = 16.0.31205.134
MinimumVisualStudioVersion = 10.0.40219.1
Project("{FAE04EC0-301F-11D3-BF4B-00C04F79EFBC}") = "Classes", "Classes\Classes.csproj", "{BA1BEEDC-0319-4374-B5DD-890BE8D8A198}"
EndProject
Global
	GlobalSection(SolutionConfigurationPlatforms) = preSolution
		Debug|Any CPU = Debug|Any CPU
		Release|Any CPU = Release|Any CPU
	EndGlobalSection
	GlobalSection(ProjectConfigurationPlatforms) = postSolution
		{BA1BEEDC-0319-4374-B5DD-890BE8D8A198}.Debug|Any CPU.ActiveCfg = Debug|Any CPU
		{BA1BEEDC-0319-4374-B5DD-890BE8D8A198}.Debug|Any CPU.Build.0 = Debug|Any CPU
		{BA1BEEDC-0319-4374-B5DD-890BE8D8A198}.Release|Any CPU.ActiveCfg = Release|Any CPU
		{BA1BEEDC-0319-4374-B5DD-890BE8D8A198}.Release|Any CPU.Build.0 = Release|Any CPU
	EndGlobalSection
	GlobalSection(SolutionProperties) = preSolution
		HideSolutionNode = FALSE
	EndGlobalSection
	GlobalSection(ExtensibilityGlobals) = postSolution
		SolutionGuid = {5D6CCB6F-A5AC-4EED-978D-4C6F543E549B}
	EndGlobalSection
EndGlobal
