
Microsoft Visual Studio Solution File, Format Version 12.00
# Visual Studio Version 16
VisualStudioVersion = 16.0.31205.134
MinimumVisualStudioVersion = 10.0.40219.1
Project("{FAE04EC0-301F-11D3-BF4B-00C04F79EFBC}") = "AdoNetDemo", "AdoNetDemo\AdoNetDemo.csproj", "{4354627C-00E1-4907-923A-0262A3BA0FEA}"
EndProject
Global
	GlobalSection(SolutionConfigurationPlatforms) = preSolution
		Debug|Any CPU = Debug|Any CPU
		Release|Any CPU = Release|Any CPU
	EndGlobalSection
	GlobalSection(ProjectConfigurationPlatforms) = postSolution
		{4354627C-00E1-4907-923A-0262A3BA0FEA}.Debug|Any CPU.ActiveCfg = Debug|Any CPU
		{4354627C-00E1-4907-923A-0262A3BA0FEA}.Debug|Any CPU.Build.0 = Debug|Any CPU
		{4354627C-00E1-4907-923A-0262A3BA0FEA}.Release|Any CPU.ActiveCfg = Release|Any CPU
		{4354627C-00E1-4907-923A-0262A3BA0FEA}.Release|Any CPU.Build.0 = Release|Any CPU
	EndGlobalSection
	GlobalSection(SolutionProperties) = preSolution
		HideSolutionNode = FALSE
	EndGlobalSection
	GlobalSection(ExtensibilityGlobals) = postSolution
		SolutionGuid = {E1B74576-33DA-4DC1-99D3-17A988E8BF6B}
	EndGlobalSection
EndGlobal
