
Microsoft Visual Studio Solution File, Format Version 12.00
# Visual Studio Version 16
VisualStudioVersion = 16.0.31515.178
MinimumVisualStudioVersion = 10.0.40219.1
Project("{FAE04EC0-301F-11D3-BF4B-00C04F79EFBC}") = "EntityFramework21", "EntityFramework21\EntityFramework21.csproj", "{360360A2-53B3-43C9-A12E-DC27F9A06207}"
EndProject
Global
	GlobalSection(SolutionConfigurationPlatforms) = preSolution
		Debug|Any CPU = Debug|Any CPU
		Release|Any CPU = Release|Any CPU
	EndGlobalSection
	GlobalSection(ProjectConfigurationPlatforms) = postSolution
		{360360A2-53B3-43C9-A12E-DC27F9A06207}.Debug|Any CPU.ActiveCfg = Debug|Any CPU
		{360360A2-53B3-43C9-A12E-DC27F9A06207}.Debug|Any CPU.Build.0 = Debug|Any CPU
		{360360A2-53B3-43C9-A12E-DC27F9A06207}.Release|Any CPU.ActiveCfg = Release|Any CPU
		{360360A2-53B3-43C9-A12E-DC27F9A06207}.Release|Any CPU.Build.0 = Release|Any CPU
	EndGlobalSection
	GlobalSection(SolutionProperties) = preSolution
		HideSolutionNode = FALSE
	EndGlobalSection
	GlobalSection(ExtensibilityGlobals) = postSolution
		SolutionGuid = {00F8F8E8-9A8A-444E-BE96-73483ED8B7F3}
	EndGlobalSection
EndGlobal
