
Microsoft Visual Studio Solution File, Format Version 12.00
# Visual Studio Version 16
VisualStudioVersion = 16.0.31729.503
MinimumVisualStudioVersion = 10.0.40219.1
Project("{FAE04EC0-301F-11D3-BF4B-00C04F79EFBC}") = "AssemblyLevelUnitTest", "AssemblyLevelUnitTest\AssemblyLevelUnitTest.csproj", "{D1C809BB-8917-4ADE-9C73-57F1F2238747}"
EndProject
Global
	GlobalSection(SolutionConfigurationPlatforms) = preSolution
		Debug|Any CPU = Debug|Any CPU
		Release|Any CPU = Release|Any CPU
	EndGlobalSection
	GlobalSection(ProjectConfigurationPlatforms) = postSolution
		{D1C809BB-8917-4ADE-9C73-57F1F2238747}.Debug|Any CPU.ActiveCfg = Debug|Any CPU
		{D1C809BB-8917-4ADE-9C73-57F1F2238747}.Debug|Any CPU.Build.0 = Debug|Any CPU
		{D1C809BB-8917-4ADE-9C73-57F1F2238747}.Release|Any CPU.ActiveCfg = Release|Any CPU
		{D1C809BB-8917-4ADE-9C73-57F1F2238747}.Release|Any CPU.Build.0 = Release|Any CPU
	EndGlobalSection
	GlobalSection(SolutionProperties) = preSolution
		HideSolutionNode = FALSE
	EndGlobalSection
	GlobalSection(ExtensibilityGlobals) = postSolution
		SolutionGuid = {A63822C9-6ED8-4264-872E-346B13B73CA7}
	EndGlobalSection
EndGlobal
