
Microsoft Visual Studio Solution File, Format Version 12.00
# Visual Studio Version 16
VisualStudioVersion = 16.0.31515.178
MinimumVisualStudioVersion = 10.0.40219.1
Project("{FAE04EC0-301F-11D3-BF4B-00C04F79EFBC}") = "Northwind.Entities", "Northwind.Entities\Northwind.Entities.csproj", "{990F994E-12AA-4CD1-BBBB-6030E7D7B92F}"
EndProject
Project("{FAE04EC0-301F-11D3-BF4B-00C04F79EFBC}") = "Northwind.DataAccsess", "Northwind.DataAccsess\Northwind.DataAccsess.csproj", "{7B4CBE1F-F503-468F-967F-84994FE584FC}"
EndProject
Project("{FAE04EC0-301F-11D3-BF4B-00C04F79EFBC}") = "Northwind.WebFormsUI", "Northwind.WebFormsUI\Northwind.WebFormsUI.csproj", "{C51A515A-FACB-4688-91ED-35AF7C1AF02C}"
EndProject
Project("{FAE04EC0-301F-11D3-BF4B-00C04F79EFBC}") = "Northwind.Business", "Northwind.Business\Northwind.Business.csproj", "{5EF9DC2E-02A8-4030-8714-48E0D30C0353}"
EndProject
Global
	GlobalSection(SolutionConfigurationPlatforms) = preSolution
		Debug|Any CPU = Debug|Any CPU
		Release|Any CPU = Release|Any CPU
	EndGlobalSection
	GlobalSection(ProjectConfigurationPlatforms) = postSolution
		{990F994E-12AA-4CD1-BBBB-6030E7D7B92F}.Debug|Any CPU.ActiveCfg = Debug|Any CPU
		{990F994E-12AA-4CD1-BBBB-6030E7D7B92F}.Debug|Any CPU.Build.0 = Debug|Any CPU
		{990F994E-12AA-4CD1-BBBB-6030E7D7B92F}.Release|Any CPU.ActiveCfg = Release|Any CPU
		{990F994E-12AA-4CD1-BBBB-6030E7D7B92F}.Release|Any CPU.Build.0 = Release|Any CPU
		{7B4CBE1F-F503-468F-967F-84994FE584FC}.Debug|Any CPU.ActiveCfg = Debug|Any CPU
		{7B4CBE1F-F503-468F-967F-84994FE584FC}.Debug|Any CPU.Build.0 = Debug|Any CPU
		{7B4CBE1F-F503-468F-967F-84994FE584FC}.Release|Any CPU.ActiveCfg = Release|Any CPU
		{7B4CBE1F-F503-468F-967F-84994FE584FC}.Release|Any CPU.Build.0 = Release|Any CPU
		{C51A515A-FACB-4688-91ED-35AF7C1AF02C}.Debug|Any CPU.ActiveCfg = Debug|Any CPU
		{C51A515A-FACB-4688-91ED-35AF7C1AF02C}.Debug|Any CPU.Build.0 = Debug|Any CPU
		{C51A515A-FACB-4688-91ED-35AF7C1AF02C}.Release|Any CPU.ActiveCfg = Release|Any CPU
		{C51A515A-FACB-4688-91ED-35AF7C1AF02C}.Release|Any CPU.Build.0 = Release|Any CPU
		{5EF9DC2E-02A8-4030-8714-48E0D30C0353}.Debug|Any CPU.ActiveCfg = Debug|Any CPU
		{5EF9DC2E-02A8-4030-8714-48E0D30C0353}.Debug|Any CPU.Build.0 = Debug|Any CPU
		{5EF9DC2E-02A8-4030-8714-48E0D30C0353}.Release|Any CPU.ActiveCfg = Release|Any CPU
		{5EF9DC2E-02A8-4030-8714-48E0D30C0353}.Release|Any CPU.Build.0 = Release|Any CPU
	EndGlobalSection
	GlobalSection(SolutionProperties) = preSolution
		HideSolutionNode = FALSE
	EndGlobalSection
	GlobalSection(ExtensibilityGlobals) = postSolution
		SolutionGuid = {F37FE526-F7EA-4836-8A33-7D3575D26D35}
	EndGlobalSection
EndGlobal
