
Microsoft Visual Studio Solution File, Format Version 12.00
# Visual Studio Version 16
VisualStudioVersion = 16.0.31005.135
MinimumVisualStudioVersion = 10.0.40219.1
Project("{FAE04EC0-301F-11D3-BF4B-00C04F79EFBC}") = "Metodlar", "Metodlar\Metodlar.csproj", "{5590735C-20AD-45BC-B22A-AECA440697C0}"
EndProject
Global
	GlobalSection(SolutionConfigurationPlatforms) = preSolution
		Debug|Any CPU = Debug|Any CPU
		Release|Any CPU = Release|Any CPU
	EndGlobalSection
	GlobalSection(ProjectConfigurationPlatforms) = postSolution
		{5590735C-20AD-45BC-B22A-AECA440697C0}.Debug|Any CPU.ActiveCfg = Debug|Any CPU
		{5590735C-20AD-45BC-B22A-AECA440697C0}.Debug|Any CPU.Build.0 = Debug|Any CPU
		{5590735C-20AD-45BC-B22A-AECA440697C0}.Release|Any CPU.ActiveCfg = Release|Any CPU
		{5590735C-20AD-45BC-B22A-AECA440697C0}.Release|Any CPU.Build.0 = Release|Any CPU
	EndGlobalSection
	GlobalSection(SolutionProperties) = preSolution
		HideSolutionNode = FALSE
	EndGlobalSection
	GlobalSection(ExtensibilityGlobals) = postSolution
		SolutionGuid = {A76678A2-2E76-4453-9A8D-AB1462044F02}
	EndGlobalSection
EndGlobal
