
Microsoft Visual Studio Solution File, Format Version 12.00
# Visual Studio Version 16
VisualStudioVersion = 16.0.31205.134
MinimumVisualStudioVersion = 10.0.40219.1
Project("{FAE04EC0-301F-11D3-BF4B-00C04F79EFBC}") = "RecapDama1", "RecapDama1\RecapDama1.csproj", "{53E9EB14-BD78-4EBB-B82B-83BE4A5E5D38}"
EndProject
Global
	GlobalSection(SolutionConfigurationPlatforms) = preSolution
		Debug|Any CPU = Debug|Any CPU
		Release|Any CPU = Release|Any CPU
	EndGlobalSection
	GlobalSection(ProjectConfigurationPlatforms) = postSolution
		{53E9EB14-BD78-4EBB-B82B-83BE4A5E5D38}.Debug|Any CPU.ActiveCfg = Debug|Any CPU
		{53E9EB14-BD78-4EBB-B82B-83BE4A5E5D38}.Debug|Any CPU.Build.0 = Debug|Any CPU
		{53E9EB14-BD78-4EBB-B82B-83BE4A5E5D38}.Release|Any CPU.ActiveCfg = Release|Any CPU
		{53E9EB14-BD78-4EBB-B82B-83BE4A5E5D38}.Release|Any CPU.Build.0 = Release|Any CPU
	EndGlobalSection
	GlobalSection(SolutionProperties) = preSolution
		HideSolutionNode = FALSE
	EndGlobalSection
	GlobalSection(ExtensibilityGlobals) = postSolution
		SolutionGuid = {E85CD208-E31E-464B-B9B7-FBFB7FC9DAB3}
	EndGlobalSection
EndGlobal
