
Microsoft Visual Studio Solution File, Format Version 12.00
# Visual Studio Version 16
VisualStudioVersion = 16.0.31515.178
MinimumVisualStudioVersion = 10.0.40219.1
Project("{FAE04EC0-301F-11D3-BF4B-00C04F79EFBC}") = "DamaTahtasi8", "DamaTahtasi8\DamaTahtasi8.csproj", "{0DCD24DA-A984-41A4-937E-E23CB9338D10}"
EndProject
Global
	GlobalSection(SolutionConfigurationPlatforms) = preSolution
		Debug|Any CPU = Debug|Any CPU
		Release|Any CPU = Release|Any CPU
	EndGlobalSection
	GlobalSection(ProjectConfigurationPlatforms) = postSolution
		{0DCD24DA-A984-41A4-937E-E23CB9338D10}.Debug|Any CPU.ActiveCfg = Debug|Any CPU
		{0DCD24DA-A984-41A4-937E-E23CB9338D10}.Debug|Any CPU.Build.0 = Debug|Any CPU
		{0DCD24DA-A984-41A4-937E-E23CB9338D10}.Release|Any CPU.ActiveCfg = Release|Any CPU
		{0DCD24DA-A984-41A4-937E-E23CB9338D10}.Release|Any CPU.Build.0 = Release|Any CPU
	EndGlobalSection
	GlobalSection(SolutionProperties) = preSolution
		HideSolutionNode = FALSE
	EndGlobalSection
	GlobalSection(ExtensibilityGlobals) = postSolution
		SolutionGuid = {F8607E49-56EC-4CB8-A39D-F934EEDD9D5D}
	EndGlobalSection
EndGlobal
