
Microsoft Visual Studio Solution File, Format Version 12.00
# Visual Studio Version 16
VisualStudioVersion = 16.0.31515.178
MinimumVisualStudioVersion = 10.0.40219.1
Project("{FAE04EC0-301F-11D3-BF4B-00C04F79EFBC}") = "Reflections24", "Reflections24\Reflections24.csproj", "{F91A1EE3-F6E7-46F7-A238-8928B3AA5CC3}"
EndProject
Global
	GlobalSection(SolutionConfigurationPlatforms) = preSolution
		Debug|Any CPU = Debug|Any CPU
		Release|Any CPU = Release|Any CPU
	EndGlobalSection
	GlobalSection(ProjectConfigurationPlatforms) = postSolution
		{F91A1EE3-F6E7-46F7-A238-8928B3AA5CC3}.Debug|Any CPU.ActiveCfg = Debug|Any CPU
		{F91A1EE3-F6E7-46F7-A238-8928B3AA5CC3}.Debug|Any CPU.Build.0 = Debug|Any CPU
		{F91A1EE3-F6E7-46F7-A238-8928B3AA5CC3}.Release|Any CPU.ActiveCfg = Release|Any CPU
		{F91A1EE3-F6E7-46F7-A238-8928B3AA5CC3}.Release|Any CPU.Build.0 = Release|Any CPU
	EndGlobalSection
	GlobalSection(SolutionProperties) = preSolution
		HideSolutionNode = FALSE
	EndGlobalSection
	GlobalSection(ExtensibilityGlobals) = postSolution
		SolutionGuid = {B92792B9-6E8C-4A0D-A61C-D9D2929FD698}
	EndGlobalSection
EndGlobal
