
Microsoft Visual Studio Solution File, Format Version 12.00
# Visual Studio Version 16
VisualStudioVersion = 16.0.31515.178
MinimumVisualStudioVersion = 10.0.40219.1
Project("{FAE04EC0-301F-11D3-BF4B-00C04F79EFBC}") = "Attributes23", "Attributes23\Attributes23.csproj", "{D73035CF-A170-4EF2-89A9-E03FE239824E}"
EndProject
Global
	GlobalSection(SolutionConfigurationPlatforms) = preSolution
		Debug|Any CPU = Debug|Any CPU
		Release|Any CPU = Release|Any CPU
	EndGlobalSection
	GlobalSection(ProjectConfigurationPlatforms) = postSolution
		{D73035CF-A170-4EF2-89A9-E03FE239824E}.Debug|Any CPU.ActiveCfg = Debug|Any CPU
		{D73035CF-A170-4EF2-89A9-E03FE239824E}.Debug|Any CPU.Build.0 = Debug|Any CPU
		{D73035CF-A170-4EF2-89A9-E03FE239824E}.Release|Any CPU.ActiveCfg = Release|Any CPU
		{D73035CF-A170-4EF2-89A9-E03FE239824E}.Release|Any CPU.Build.0 = Release|Any CPU
	EndGlobalSection
	GlobalSection(SolutionProperties) = preSolution
		HideSolutionNode = FALSE
	EndGlobalSection
	GlobalSection(ExtensibilityGlobals) = postSolution
		SolutionGuid = {EDDE0DDD-7FA5-48BB-AAA8-1EF0FCC829D1}
	EndGlobalSection
EndGlobal
