
Microsoft Visual Studio Solution File, Format Version 12.00
# Visual Studio Version 16
VisualStudioVersion = 16.0.31205.134
MinimumVisualStudioVersion = 10.0.40219.1
Project("{FAE04EC0-301F-11D3-BF4B-00C04F79EFBC}") = "AbstractClasses", "AbstractClasses\AbstractClasses.csproj", "{6535ABB9-98DF-4395-A55B-E84D3AC1EF59}"
EndProject
Global
	GlobalSection(SolutionConfigurationPlatforms) = preSolution
		Debug|Any CPU = Debug|Any CPU
		Release|Any CPU = Release|Any CPU
	EndGlobalSection
	GlobalSection(ProjectConfigurationPlatforms) = postSolution
		{6535ABB9-98DF-4395-A55B-E84D3AC1EF59}.Debug|Any CPU.ActiveCfg = Debug|Any CPU
		{6535ABB9-98DF-4395-A55B-E84D3AC1EF59}.Debug|Any CPU.Build.0 = Debug|Any CPU
		{6535ABB9-98DF-4395-A55B-E84D3AC1EF59}.Release|Any CPU.ActiveCfg = Release|Any CPU
		{6535ABB9-98DF-4395-A55B-E84D3AC1EF59}.Release|Any CPU.Build.0 = Release|Any CPU
	EndGlobalSection
	GlobalSection(SolutionProperties) = preSolution
		HideSolutionNode = FALSE
	EndGlobalSection
	GlobalSection(ExtensibilityGlobals) = postSolution
		SolutionGuid = {FF1A6E3D-C76C-4711-9171-C83F0579CE47}
	EndGlobalSection
EndGlobal
