
Microsoft Visual Studio Solution File, Format Version 12.00
# Visual Studio Version 16
VisualStudioVersion = 16.0.31729.503
MinimumVisualStudioVersion = 10.0.40219.1
Project("{FAE04EC0-301F-11D3-BF4B-00C04F79EFBC}") = "DevFramework", "DevFramework\DevFramework.csproj", "{ECE4FAB2-2539-4BD1-A9D6-3AD6668A47B3}"
EndProject
Global
	GlobalSection(SolutionConfigurationPlatforms) = preSolution
		Debug|Any CPU = Debug|Any CPU
		Release|Any CPU = Release|Any CPU
	EndGlobalSection
	GlobalSection(ProjectConfigurationPlatforms) = postSolution
		{ECE4FAB2-2539-4BD1-A9D6-3AD6668A47B3}.Debug|Any CPU.ActiveCfg = Debug|Any CPU
		{ECE4FAB2-2539-4BD1-A9D6-3AD6668A47B3}.Debug|Any CPU.Build.0 = Debug|Any CPU
		{ECE4FAB2-2539-4BD1-A9D6-3AD6668A47B3}.Release|Any CPU.ActiveCfg = Release|Any CPU
		{ECE4FAB2-2539-4BD1-A9D6-3AD6668A47B3}.Release|Any CPU.Build.0 = Release|Any CPU
	EndGlobalSection
	GlobalSection(SolutionProperties) = preSolution
		HideSolutionNode = FALSE
	EndGlobalSection
	GlobalSection(ExtensibilityGlobals) = postSolution
		SolutionGuid = {2F01C100-02EE-43BF-80B6-ECB7A5A1B245}
	EndGlobalSection
EndGlobal
