
Microsoft Visual Studio Solution File, Format Version 12.00
# Visual Studio Version 16
VisualStudioVersion = 16.0.31729.503
MinimumVisualStudioVersion = 10.0.40219.1
Project("{FAE04EC0-301F-11D3-BF4B-00C04F79EFBC}") = "StringHelpers", "StringHelpers\StringHelpers.csproj", "{D41A5B4E-4508-45AE-9709-4FDBA2FEA759}"
EndProject
Project("{FAE04EC0-301F-11D3-BF4B-00C04F79EFBC}") = "StringHelpers.Tests", "StringHelpers.Tests\StringHelpers.Tests.csproj", "{43FACA41-70D0-404B-9A23-1E5D3D8F7C0F}"
EndProject
Project("{FAE04EC0-301F-11D3-BF4B-00C04F79EFBC}") = "ShoppingCart", "ShoppingCart\ShoppingCart.csproj", "{5F237DA6-0C26-4973-9BF5-5E7BF294307A}"
EndProject
Project("{FAE04EC0-301F-11D3-BF4B-00C04F79EFBC}") = "ShoppingCart.Tests", "ShoppingCart.Tests\ShoppingCart.Tests.csproj", "{4FB2EEBD-2852-48A0-BC93-798267A19C2D}"
EndProject
Global
	GlobalSection(SolutionConfigurationPlatforms) = preSolution
		Debug|Any CPU = Debug|Any CPU
		Release|Any CPU = Release|Any CPU
	EndGlobalSection
	GlobalSection(ProjectConfigurationPlatforms) = postSolution
		{D41A5B4E-4508-45AE-9709-4FDBA2FEA759}.Debug|Any CPU.ActiveCfg = Debug|Any CPU
		{D41A5B4E-4508-45AE-9709-4FDBA2FEA759}.Debug|Any CPU.Build.0 = Debug|Any CPU
		{D41A5B4E-4508-45AE-9709-4FDBA2FEA759}.Release|Any CPU.ActiveCfg = Release|Any CPU
		{D41A5B4E-4508-45AE-9709-4FDBA2FEA759}.Release|Any CPU.Build.0 = Release|Any CPU
		{43FACA41-70D0-404B-9A23-1E5D3D8F7C0F}.Debug|Any CPU.ActiveCfg = Debug|Any CPU
		{43FACA41-70D0-404B-9A23-1E5D3D8F7C0F}.Debug|Any CPU.Build.0 = Debug|Any CPU
		{43FACA41-70D0-404B-9A23-1E5D3D8F7C0F}.Release|Any CPU.ActiveCfg = Release|Any CPU
		{43FACA41-70D0-404B-9A23-1E5D3D8F7C0F}.Release|Any CPU.Build.0 = Release|Any CPU
		{5F237DA6-0C26-4973-9BF5-5E7BF294307A}.Debug|Any CPU.ActiveCfg = Debug|Any CPU
		{5F237DA6-0C26-4973-9BF5-5E7BF294307A}.Debug|Any CPU.Build.0 = Debug|Any CPU
		{5F237DA6-0C26-4973-9BF5-5E7BF294307A}.Release|Any CPU.ActiveCfg = Release|Any CPU
		{5F237DA6-0C26-4973-9BF5-5E7BF294307A}.Release|Any CPU.Build.0 = Release|Any CPU
		{4FB2EEBD-2852-48A0-BC93-798267A19C2D}.Debug|Any CPU.ActiveCfg = Debug|Any CPU
		{4FB2EEBD-2852-48A0-BC93-798267A19C2D}.Debug|Any CPU.Build.0 = Debug|Any CPU
		{4FB2EEBD-2852-48A0-BC93-798267A19C2D}.Release|Any CPU.ActiveCfg = Release|Any CPU
		{4FB2EEBD-2852-48A0-BC93-798267A19C2D}.Release|Any CPU.Build.0 = Release|Any CPU
	EndGlobalSection
	GlobalSection(SolutionProperties) = preSolution
		HideSolutionNode = FALSE
	EndGlobalSection
	GlobalSection(ExtensibilityGlobals) = postSolution
		SolutionGuid = {BA8E5B1C-A7E2-4F90-BA55-304667173AC2}
	EndGlobalSection
EndGlobal
