
Microsoft Visual Studio Solution File, Format Version 12.00
# Visual Studio Version 16
VisualStudioVersion = 16.0.31515.178
MinimumVisualStudioVersion = 10.0.40219.1
Project("{FAE04EC0-301F-11D3-BF4B-00C04F79EFBC}") = "TypesAndVariables1", "TypesAndVariables1\TypesAndVariables1.csproj", "{B4891F1F-CD09-46D0-B67B-66CAF2CDD578}"
EndProject
Global
	GlobalSection(SolutionConfigurationPlatforms) = preSolution
		Debug|Any CPU = Debug|Any CPU
		Release|Any CPU = Release|Any CPU
	EndGlobalSection
	GlobalSection(ProjectConfigurationPlatforms) = postSolution
		{B4891F1F-CD09-46D0-B67B-66CAF2CDD578}.Debug|Any CPU.ActiveCfg = Debug|Any CPU
		{B4891F1F-CD09-46D0-B67B-66CAF2CDD578}.Debug|Any CPU.Build.0 = Debug|Any CPU
		{B4891F1F-CD09-46D0-B67B-66CAF2CDD578}.Release|Any CPU.ActiveCfg = Release|Any CPU
		{B4891F1F-CD09-46D0-B67B-66CAF2CDD578}.Release|Any CPU.Build.0 = Release|Any CPU
	EndGlobalSection
	GlobalSection(SolutionProperties) = preSolution
		HideSolutionNode = FALSE
	EndGlobalSection
	GlobalSection(ExtensibilityGlobals) = postSolution
		SolutionGuid = {3AFD2E03-C0FB-4960-9E40-9278D29A061B}
	EndGlobalSection
EndGlobal
