
Microsoft Visual Studio Solution File, Format Version 12.00
# Visual Studio Version 16
VisualStudioVersion = 16.0.31515.178
MinimumVisualStudioVersion = 10.0.40219.1
Project("{FAE04EC0-301F-11D3-BF4B-00C04F79EFBC}") = "Constructors16", "Constructors16\Constructors16.csproj", "{6208FAEA-93BC-4023-ABBC-23E642A507F5}"
EndProject
Global
	GlobalSection(SolutionConfigurationPlatforms) = preSolution
		Debug|Any CPU = Debug|Any CPU
		Release|Any CPU = Release|Any CPU
	EndGlobalSection
	GlobalSection(ProjectConfigurationPlatforms) = postSolution
		{6208FAEA-93BC-4023-ABBC-23E642A507F5}.Debug|Any CPU.ActiveCfg = Debug|Any CPU
		{6208FAEA-93BC-4023-ABBC-23E642A507F5}.Debug|Any CPU.Build.0 = Debug|Any CPU
		{6208FAEA-93BC-4023-ABBC-23E642A507F5}.Release|Any CPU.ActiveCfg = Release|Any CPU
		{6208FAEA-93BC-4023-ABBC-23E642A507F5}.Release|Any CPU.Build.0 = Release|Any CPU
	EndGlobalSection
	GlobalSection(SolutionProperties) = preSolution
		HideSolutionNode = FALSE
	EndGlobalSection
	GlobalSection(ExtensibilityGlobals) = postSolution
		SolutionGuid = {844E59BD-97C9-403B-B6D8-2220EAE124B2}
	EndGlobalSection
EndGlobal
