
Microsoft Visual Studio Solution File, Format Version 12.00
# Visual Studio Version 16
VisualStudioVersion = 16.0.31729.503
MinimumVisualStudioVersion = 10.0.40219.1
Project("{FAE04EC0-301F-11D3-BF4B-00C04F79EFBC}") = "Demo", "Demo\Demo.csproj", "{87B79EBB-426A-45F9-9BB9-8D3D50601EDD}"
EndProject
Project("{FAE04EC0-301F-11D3-BF4B-00C04F79EFBC}") = "Demo.Tests", "Demo.Tests\Demo.Tests.csproj", "{410BF275-BB83-4492-A6BF-EC5853A7EFF5}"
EndProject
Global
	GlobalSection(SolutionConfigurationPlatforms) = preSolution
		Debug|Any CPU = Debug|Any CPU
		Release|Any CPU = Release|Any CPU
	EndGlobalSection
	GlobalSection(ProjectConfigurationPlatforms) = postSolution
		{87B79EBB-426A-45F9-9BB9-8D3D50601EDD}.Debug|Any CPU.ActiveCfg = Debug|Any CPU
		{87B79EBB-426A-45F9-9BB9-8D3D50601EDD}.Debug|Any CPU.Build.0 = Debug|Any CPU
		{87B79EBB-426A-45F9-9BB9-8D3D50601EDD}.Release|Any CPU.ActiveCfg = Release|Any CPU
		{87B79EBB-426A-45F9-9BB9-8D3D50601EDD}.Release|Any CPU.Build.0 = Release|Any CPU
		{410BF275-BB83-4492-A6BF-EC5853A7EFF5}.Debug|Any CPU.ActiveCfg = Debug|Any CPU
		{410BF275-BB83-4492-A6BF-EC5853A7EFF5}.Debug|Any CPU.Build.0 = Debug|Any CPU
		{410BF275-BB83-4492-A6BF-EC5853A7EFF5}.Release|Any CPU.ActiveCfg = Release|Any CPU
		{410BF275-BB83-4492-A6BF-EC5853A7EFF5}.Release|Any CPU.Build.0 = Release|Any CPU
	EndGlobalSection
	GlobalSection(SolutionProperties) = preSolution
		HideSolutionNode = FALSE
	EndGlobalSection
	GlobalSection(ExtensibilityGlobals) = postSolution
		SolutionGuid = {97488928-E0FE-48CA-8DA1-880AE3928AB2}
	EndGlobalSection
EndGlobal
