
Microsoft Visual Studio Solution File, Format Version 12.00
# Visual Studio Version 16
VisualStudioVersion = 16.0.31005.135
MinimumVisualStudioVersion = 10.0.40219.1
Project("{FAE04EC0-301F-11D3-BF4B-00C04F79EFBC}") = "IfElseAlistirmalar", "IfElseAlistirmalar\IfElseAlistirmalar.csproj", "{A257BB96-59D1-4800-99A7-960941B84904}"
EndProject
Global
	GlobalSection(SolutionConfigurationPlatforms) = preSolution
		Debug|Any CPU = Debug|Any CPU
		Release|Any CPU = Release|Any CPU
	EndGlobalSection
	GlobalSection(ProjectConfigurationPlatforms) = postSolution
		{A257BB96-59D1-4800-99A7-960941B84904}.Debug|Any CPU.ActiveCfg = Debug|Any CPU
		{A257BB96-59D1-4800-99A7-960941B84904}.Debug|Any CPU.Build.0 = Debug|Any CPU
		{A257BB96-59D1-4800-99A7-960941B84904}.Release|Any CPU.ActiveCfg = Release|Any CPU
		{A257BB96-59D1-4800-99A7-960941B84904}.Release|Any CPU.Build.0 = Release|Any CPU
	EndGlobalSection
	GlobalSection(SolutionProperties) = preSolution
		HideSolutionNode = FALSE
	EndGlobalSection
	GlobalSection(ExtensibilityGlobals) = postSolution
		SolutionGuid = {8E656611-B830-49EC-B457-A1D15D15E9BE}
	EndGlobalSection
EndGlobal
