
Microsoft Visual Studio Solution File, Format Version 12.00
# Visual Studio Version 16
VisualStudioVersion = 16.0.31005.135
MinimumVisualStudioVersion = 10.0.40219.1
Project("{FAE04EC0-301F-11D3-BF4B-00C04F79EFBC}") = "Diziler", "Diziler\Diziler.csproj", "{CC00B14C-18F8-47E0-BBED-278C2A4C6E0A}"
EndProject
Global
	GlobalSection(SolutionConfigurationPlatforms) = preSolution
		Debug|Any CPU = Debug|Any CPU
		Release|Any CPU = Release|Any CPU
	EndGlobalSection
	GlobalSection(ProjectConfigurationPlatforms) = postSolution
		{CC00B14C-18F8-47E0-BBED-278C2A4C6E0A}.Debug|Any CPU.ActiveCfg = Debug|Any CPU
		{CC00B14C-18F8-47E0-BBED-278C2A4C6E0A}.Debug|Any CPU.Build.0 = Debug|Any CPU
		{CC00B14C-18F8-47E0-BBED-278C2A4C6E0A}.Release|Any CPU.ActiveCfg = Release|Any CPU
		{CC00B14C-18F8-47E0-BBED-278C2A4C6E0A}.Release|Any CPU.Build.0 = Release|Any CPU
	EndGlobalSection
	GlobalSection(SolutionProperties) = preSolution
		HideSolutionNode = FALSE
	EndGlobalSection
	GlobalSection(ExtensibilityGlobals) = postSolution
		SolutionGuid = {09AE4557-6004-4855-BDE7-72FFD94B4DD3}
	EndGlobalSection
EndGlobal
