
Microsoft Visual Studio Solution File, Format Version 12.00
# Visual Studio Version 16
VisualStudioVersion = 16.0.31515.178
MinimumVisualStudioVersion = 10.0.40219.1
Project("{FAE04EC0-301F-11D3-BF4B-00C04F79EFBC}") = "Conditionals2", "Conditionals2\Conditionals2.csproj", "{FA19BF60-6810-4EAF-9CD1-685FD818A505}"
EndProject
Global
	GlobalSection(SolutionConfigurationPlatforms) = preSolution
		Debug|Any CPU = Debug|Any CPU
		Release|Any CPU = Release|Any CPU
	EndGlobalSection
	GlobalSection(ProjectConfigurationPlatforms) = postSolution
		{FA19BF60-6810-4EAF-9CD1-685FD818A505}.Debug|Any CPU.ActiveCfg = Debug|Any CPU
		{FA19BF60-6810-4EAF-9CD1-685FD818A505}.Debug|Any CPU.Build.0 = Debug|Any CPU
		{FA19BF60-6810-4EAF-9CD1-685FD818A505}.Release|Any CPU.ActiveCfg = Release|Any CPU
		{FA19BF60-6810-4EAF-9CD1-685FD818A505}.Release|Any CPU.Build.0 = Release|Any CPU
	EndGlobalSection
	GlobalSection(SolutionProperties) = preSolution
		HideSolutionNode = FALSE
	EndGlobalSection
	GlobalSection(ExtensibilityGlobals) = postSolution
		SolutionGuid = {612021E6-CD0C-4DF0-9FA5-E228BFD007A4}
	EndGlobalSection
EndGlobal
