
Microsoft Visual Studio Solution File, Format Version 12.00
# Visual Studio Version 16
VisualStudioVersion = 16.0.31515.178
MinimumVisualStudioVersion = 10.0.40219.1
Project("{FAE04EC0-301F-11D3-BF4B-00C04F79EFBC}") = "Arrays4", "Arrays4\Arrays4.csproj", "{05750898-FE48-4991-882B-167BD9E25BB5}"
EndProject
Global
	GlobalSection(SolutionConfigurationPlatforms) = preSolution
		Debug|Any CPU = Debug|Any CPU
		Release|Any CPU = Release|Any CPU
	EndGlobalSection
	GlobalSection(ProjectConfigurationPlatforms) = postSolution
		{05750898-FE48-4991-882B-167BD9E25BB5}.Debug|Any CPU.ActiveCfg = Debug|Any CPU
		{05750898-FE48-4991-882B-167BD9E25BB5}.Debug|Any CPU.Build.0 = Debug|Any CPU
		{05750898-FE48-4991-882B-167BD9E25BB5}.Release|Any CPU.ActiveCfg = Release|Any CPU
		{05750898-FE48-4991-882B-167BD9E25BB5}.Release|Any CPU.Build.0 = Release|Any CPU
	EndGlobalSection
	GlobalSection(SolutionProperties) = preSolution
		HideSolutionNode = FALSE
	EndGlobalSection
	GlobalSection(ExtensibilityGlobals) = postSolution
		SolutionGuid = {8A23A7CD-11E3-4233-A887-672E3C156E74}
	EndGlobalSection
EndGlobal
